
Microsoft Visual Studio Solution File, Format Version 12.00
# Visual Studio Version 17
VisualStudioVersion = 17.3.32811.315
MinimumVisualStudioVersion = 10.0.40219.1
Project("{9A19103F-16F7-4668-BE54-9A1E7A4F7556}") = "MindBoxTestLibraryClass", "MindBoxTestLibraryClass\MindBoxTestLibraryClass.csproj", "{73F86771-FFA0-4515-93BB-7455F8808F1E}"
EndProject
Project("{9A19103F-16F7-4668-BE54-9A1E7A4F7556}") = "MindBoxTestConsole", "MindBoxTestConsole\MindBoxTestConsole.csproj", "{B2425FBA-3B04-4A6E-B271-BC1E9BEA00FE}"
EndProject
Project("{9A19103F-16F7-4668-BE54-9A1E7A4F7556}") = "MindBoxMSTest", "MindBoxMSTest\MindBoxMSTest.csproj", "{BCA7DF32-2B0F-4FC4-964F-220EB87A364F}"
EndProject
Global
	GlobalSection(SolutionConfigurationPlatforms) = preSolution
		Debug|Any CPU = Debug|Any CPU
		Release|Any CPU = Release|Any CPU
	EndGlobalSection
	GlobalSection(ProjectConfigurationPlatforms) = postSolution
		{73F86771-FFA0-4515-93BB-7455F8808F1E}.Debug|Any CPU.ActiveCfg = Debug|Any CPU
		{73F86771-FFA0-4515-93BB-7455F8808F1E}.Debug|Any CPU.Build.0 = Debug|Any CPU
		{73F86771-FFA0-4515-93BB-7455F8808F1E}.Release|Any CPU.ActiveCfg = Release|Any CPU
		{73F86771-FFA0-4515-93BB-7455F8808F1E}.Release|Any CPU.Build.0 = Release|Any CPU
		{B2425FBA-3B04-4A6E-B271-BC1E9BEA00FE}.Debug|Any CPU.ActiveCfg = Debug|Any CPU
		{B2425FBA-3B04-4A6E-B271-BC1E9BEA00FE}.Debug|Any CPU.Build.0 = Debug|Any CPU
		{B2425FBA-3B04-4A6E-B271-BC1E9BEA00FE}.Release|Any CPU.ActiveCfg = Release|Any CPU
		{B2425FBA-3B04-4A6E-B271-BC1E9BEA00FE}.Release|Any CPU.Build.0 = Release|Any CPU
		{BCA7DF32-2B0F-4FC4-964F-220EB87A364F}.Debug|Any CPU.ActiveCfg = Debug|Any CPU
		{BCA7DF32-2B0F-4FC4-964F-220EB87A364F}.Debug|Any CPU.Build.0 = Debug|Any CPU
		{BCA7DF32-2B0F-4FC4-964F-220EB87A364F}.Release|Any CPU.ActiveCfg = Release|Any CPU
		{BCA7DF32-2B0F-4FC4-964F-220EB87A364F}.Release|Any CPU.Build.0 = Release|Any CPU
	EndGlobalSection
	GlobalSection(SolutionProperties) = preSolution
		HideSolutionNode = FALSE
	EndGlobalSection
	GlobalSection(ExtensibilityGlobals) = postSolution
		SolutionGuid = {B823B260-8CA4-4287-A72F-F3DE11564811}
	EndGlobalSection
EndGlobal
